
Microsoft Visual Studio Solution File, Format Version 12.00
# Visual Studio Version 16
VisualStudioVersion = 16.0.30114.105
MinimumVisualStudioVersion = 10.0.40219.1
Project("{2150E333-8FDC-42A3-9474-1A3956D46DE8}") = "src", "src", "{B85F4C39-EBD5-408D-B2BC-B9F3C09CEB59}"
EndProject
Project("{FAE04EC0-301F-11D3-BF4B-00C04F79EFBC}") = "App", "src\App\App.csproj", "{E60DA5BA-8D33-4D6A-86FB-AE68642DAEC3}"
EndProject
Project("{2150E333-8FDC-42A3-9474-1A3956D46DE8}") = "lib", "lib", "{0F121442-13FA-4923-B2AE-D90CDC39CFCA}"
EndProject
Project("{FAE04EC0-301F-11D3-BF4B-00C04F79EFBC}") = "LibOne", "lib\LibOne\LibOne.csproj", "{128EF3F1-27A0-4918-A77D-91C9AD4CA083}"
EndProject
Project("{FAE04EC0-301F-11D3-BF4B-00C04F79EFBC}") = "LibTwo", "lib\LibTwo\LibTwo.csproj", "{67FC36A3-716A-47B1-AA74-B164EEC1211F}"
EndProject
Global
	GlobalSection(SolutionConfigurationPlatforms) = preSolution
		Debug|Any CPU = Debug|Any CPU
		Release|Any CPU = Release|Any CPU
	EndGlobalSection
	GlobalSection(SolutionProperties) = preSolution
		HideSolutionNode = FALSE
	EndGlobalSection
	GlobalSection(ProjectConfigurationPlatforms) = postSolution
		{E60DA5BA-8D33-4D6A-86FB-AE68642DAEC3}.Debug|Any CPU.ActiveCfg = Debug|Any CPU
		{E60DA5BA-8D33-4D6A-86FB-AE68642DAEC3}.Debug|Any CPU.Build.0 = Debug|Any CPU
		{E60DA5BA-8D33-4D6A-86FB-AE68642DAEC3}.Release|Any CPU.ActiveCfg = Release|Any CPU
		{E60DA5BA-8D33-4D6A-86FB-AE68642DAEC3}.Release|Any CPU.Build.0 = Release|Any CPU
		{128EF3F1-27A0-4918-A77D-91C9AD4CA083}.Debug|Any CPU.ActiveCfg = Debug|Any CPU
		{128EF3F1-27A0-4918-A77D-91C9AD4CA083}.Debug|Any CPU.Build.0 = Debug|Any CPU
		{128EF3F1-27A0-4918-A77D-91C9AD4CA083}.Release|Any CPU.ActiveCfg = Release|Any CPU
		{128EF3F1-27A0-4918-A77D-91C9AD4CA083}.Release|Any CPU.Build.0 = Release|Any CPU
		{67FC36A3-716A-47B1-AA74-B164EEC1211F}.Debug|Any CPU.ActiveCfg = Debug|Any CPU
		{67FC36A3-716A-47B1-AA74-B164EEC1211F}.Debug|Any CPU.Build.0 = Debug|Any CPU
		{67FC36A3-716A-47B1-AA74-B164EEC1211F}.Release|Any CPU.ActiveCfg = Release|Any CPU
		{67FC36A3-716A-47B1-AA74-B164EEC1211F}.Release|Any CPU.Build.0 = Release|Any CPU
	EndGlobalSection
	GlobalSection(NestedProjects) = preSolution
		{E60DA5BA-8D33-4D6A-86FB-AE68642DAEC3} = {B85F4C39-EBD5-408D-B2BC-B9F3C09CEB59}
		{128EF3F1-27A0-4918-A77D-91C9AD4CA083} = {0F121442-13FA-4923-B2AE-D90CDC39CFCA}
		{67FC36A3-716A-47B1-AA74-B164EEC1211F} = {0F121442-13FA-4923-B2AE-D90CDC39CFCA}
	EndGlobalSection
EndGlobal
